
Microsoft Visual Studio Solution File, Format Version 12.00
# Visual Studio 15
VisualStudioVersion = 15.0.26730.16
MinimumVisualStudioVersion = 10.0.40219.1
Project("{9A19103F-16F7-4668-BE54-9A1E7A4F7556}") = "Chess", "src\Chess\Chess.csproj", "{E5860CAD-4454-4492-831A-D8A45E0DD350}"
EndProject
Project("{2150E333-8FDC-42A3-9474-1A3956D46DE8}") = "test", "test", "{C70833A7-249C-4A90-8BF1-8D51A728DD34}"
EndProject
Project("{9A19103F-16F7-4668-BE54-9A1E7A4F7556}") = "Chess.Multiplayer", "src\Chess.Multiplayer\Chess.Multiplayer.csproj", "{C869A64E-FAF1-468F-BE56-73CEEF5B3F58}"
EndProject
Project("{2150E333-8FDC-42A3-9474-1A3956D46DE8}") = "Solution Items", "Solution Items", "{C4A8D515-48B9-40EC-86BC-0BB38868C434}"
	ProjectSection(SolutionItems) = preProject
		.gitignore = .gitignore
		.travis.yml = .travis.yml
		appveyor.yml = appveyor.yml
		LICENSE = LICENSE
		README.md = README.md
		Settings.StyleCop = Settings.StyleCop
	EndProjectSection
EndProject
Project("{2150E333-8FDC-42A3-9474-1A3956D46DE8}") = "unit", "unit", "{91ADD03D-EF24-4E85-B276-7C7CE2657AD3}"
EndProject
Project("{9A19103F-16F7-4668-BE54-9A1E7A4F7556}") = "Chess.Multiplayer.Test", "test\unit\Chess.Multiplayer.Test\Chess.Multiplayer.Test.csproj", "{D24084B4-66A1-4E29-9298-8F8D59A384CD}"
EndProject
Project("{9A19103F-16F7-4668-BE54-9A1E7A4F7556}") = "Chess.Test", "test\unit\Chess.Test\Chess.Test.csproj", "{AB3831DB-241A-4BCD-8CA6-BEA6EE3E4EED}"
EndProject
Project("{2150E333-8FDC-42A3-9474-1A3956D46DE8}") = "docs", "docs", "{FC746089-417E-486D-AE07-C9452D582718}"
	ProjectSection(SolutionItems) = preProject
		docs\game.png = docs\game.png
	EndProjectSection
EndProject
Project("{9A19103F-16F7-4668-BE54-9A1E7A4F7556}") = "Chess.Terminal", "src\Chess.Terminal\Chess.Terminal.csproj", "{3518EAD8-8355-466A-9583-E37A4AF1A4EA}"
EndProject
Project("{9A19103F-16F7-4668-BE54-9A1E7A4F7556}") = "Chess.Terminal.Test", "test\unit\Chess.Terminal.Test\Chess.Terminal.Test.csproj", "{2065DFB1-7E30-4E9D-8500-DA534B491851}"
EndProject
Global
	GlobalSection(SolutionConfigurationPlatforms) = preSolution
		Debug|Any CPU = Debug|Any CPU
		Release|Any CPU = Release|Any CPU
	EndGlobalSection
	GlobalSection(ProjectConfigurationPlatforms) = postSolution
		{E5860CAD-4454-4492-831A-D8A45E0DD350}.Debug|Any CPU.ActiveCfg = Debug|Any CPU
		{E5860CAD-4454-4492-831A-D8A45E0DD350}.Debug|Any CPU.Build.0 = Debug|Any CPU
		{E5860CAD-4454-4492-831A-D8A45E0DD350}.Release|Any CPU.ActiveCfg = Release|Any CPU
		{E5860CAD-4454-4492-831A-D8A45E0DD350}.Release|Any CPU.Build.0 = Release|Any CPU
		{C869A64E-FAF1-468F-BE56-73CEEF5B3F58}.Debug|Any CPU.ActiveCfg = Debug|Any CPU
		{C869A64E-FAF1-468F-BE56-73CEEF5B3F58}.Debug|Any CPU.Build.0 = Debug|Any CPU
		{C869A64E-FAF1-468F-BE56-73CEEF5B3F58}.Release|Any CPU.ActiveCfg = Release|Any CPU
		{C869A64E-FAF1-468F-BE56-73CEEF5B3F58}.Release|Any CPU.Build.0 = Release|Any CPU
		{D24084B4-66A1-4E29-9298-8F8D59A384CD}.Debug|Any CPU.ActiveCfg = Debug|Any CPU
		{D24084B4-66A1-4E29-9298-8F8D59A384CD}.Debug|Any CPU.Build.0 = Debug|Any CPU
		{D24084B4-66A1-4E29-9298-8F8D59A384CD}.Release|Any CPU.ActiveCfg = Release|Any CPU
		{D24084B4-66A1-4E29-9298-8F8D59A384CD}.Release|Any CPU.Build.0 = Release|Any CPU
		{AB3831DB-241A-4BCD-8CA6-BEA6EE3E4EED}.Debug|Any CPU.ActiveCfg = Debug|Any CPU
		{AB3831DB-241A-4BCD-8CA6-BEA6EE3E4EED}.Debug|Any CPU.Build.0 = Debug|Any CPU
		{AB3831DB-241A-4BCD-8CA6-BEA6EE3E4EED}.Release|Any CPU.ActiveCfg = Release|Any CPU
		{AB3831DB-241A-4BCD-8CA6-BEA6EE3E4EED}.Release|Any CPU.Build.0 = Release|Any CPU
		{3518EAD8-8355-466A-9583-E37A4AF1A4EA}.Debug|Any CPU.ActiveCfg = Debug|Any CPU
		{3518EAD8-8355-466A-9583-E37A4AF1A4EA}.Debug|Any CPU.Build.0 = Debug|Any CPU
		{3518EAD8-8355-466A-9583-E37A4AF1A4EA}.Release|Any CPU.ActiveCfg = Release|Any CPU
		{3518EAD8-8355-466A-9583-E37A4AF1A4EA}.Release|Any CPU.Build.0 = Release|Any CPU
		{2065DFB1-7E30-4E9D-8500-DA534B491851}.Debug|Any CPU.ActiveCfg = Debug|Any CPU
		{2065DFB1-7E30-4E9D-8500-DA534B491851}.Debug|Any CPU.Build.0 = Debug|Any CPU
		{2065DFB1-7E30-4E9D-8500-DA534B491851}.Release|Any CPU.ActiveCfg = Release|Any CPU
		{2065DFB1-7E30-4E9D-8500-DA534B491851}.Release|Any CPU.Build.0 = Release|Any CPU
	EndGlobalSection
	GlobalSection(SolutionProperties) = preSolution
		HideSolutionNode = FALSE
	EndGlobalSection
	GlobalSection(NestedProjects) = preSolution
		{91ADD03D-EF24-4E85-B276-7C7CE2657AD3} = {C70833A7-249C-4A90-8BF1-8D51A728DD34}
		{D24084B4-66A1-4E29-9298-8F8D59A384CD} = {91ADD03D-EF24-4E85-B276-7C7CE2657AD3}
		{AB3831DB-241A-4BCD-8CA6-BEA6EE3E4EED} = {91ADD03D-EF24-4E85-B276-7C7CE2657AD3}
		{2065DFB1-7E30-4E9D-8500-DA534B491851} = {91ADD03D-EF24-4E85-B276-7C7CE2657AD3}
	EndGlobalSection
	GlobalSection(ExtensibilityGlobals) = postSolution
		SolutionGuid = {0E58213C-2D33-4BFA-89AE-84D2F8A51218}
	EndGlobalSection
EndGlobal
